{
    "_meta": {
        "hash": {
            "sha256": "eb8957497538d4625cab746024097086d6c164132b4c7f6bddf7cdf39a35b3d9"
        },
        "pipfile-spec": 6,
        "requires": {
            "python_version": "3.10"
        },
        "sources": [
            {
                "name": "pypi",
                "url": "https://pypi.org/simple",
                "verify_ssl": true
            }
        ]
    },
    "default": {
        "cheroot": {
            "hashes": [
                "sha256:366adf6e7cac9555486c2d1be6297993022eff6f8c4655c1443268cca3f08e25",
                "sha256:62cbced16f07e8aaf512673987cd6b1fc5ad00073345e9ed6c4e2a5cc2a3a22d"
            ],
            "markers": "python_version >= '2.7' and python_version not in '3.0, 3.1, 3.2, 3.3'",
            "version": "==8.6.0"
        },
        "cherrypy": {
            "hashes": [
                "sha256:9b48cfba8a2f16d5b6419cc657e6d51db005ba35c5e3824e4728bb03bbc7ef9b",
                "sha256:b56097025dc78a76a59db551b3a82871c6b3a0107b80b12ff759e4c0b3b947ce"
            ],
            "index": "pypi",
            "version": "==18.8.0"
        },
        "jaraco.classes": {
            "hashes": [
                "sha256:6745f113b0b588239ceb49532aa09c3ebb947433ce311ef2f8e3ad64ebb74594",
                "sha256:e6ef6fd3fcf4579a7a019d87d1e56a883f4e4c35cfe925f86731abc58804e647"
            ],
            "markers": "python_version >= '3.7'",
            "version": "==3.2.2"
        },
        "jaraco.collections": {
            "hashes": [
                "sha256:072b93eb35f9e48508485755534e66a34ef1cc84af291fd27f39b44d4c0dd2c3",
                "sha256:1ca12fa4b7067dfc8d7f791c1a8660d970a2bf2f80536ba0aa5cbb71fe1261f1"
            ],
            "markers": "python_version >= '3.7'",
            "version": "==3.5.2"
        },
        "jaraco.context": {
            "hashes": [
                "sha256:9327d3e6901923e5a7097aa2df4b9c2bc13f845c7672692e3827ebd1b3d67606",
                "sha256:a58e94dd67871639abc091b57d32842449b230777570ef2bcec3dc16b912613e"
            ],
            "markers": "python_version >= '3.7'",
            "version": "==4.1.2"
        },
        "jaraco.functools": {
            "hashes": [
                "sha256:c8774f73323de42250a659934215da1d899b02c66a6133f1cb79f02a5aff4f38",
                "sha256:d0adcf91710a0853efe9f23a78fad586bf67df572f0d6d8e0fa36d289ae1c1d9"
            ],
            "markers": "python_version >= '3.7'",
            "version": "==3.5.1"
        },
        "jaraco.text": {
            "hashes": [
                "sha256:450957c3f8fb9a553d9d3e60738733ab1c5cc27b36a463342adb937e9a70ab3e",
                "sha256:e4418d632425d741b8f9128cdf8fd9c0c878dc1450a7430dbd4bf6296eeac915"
            ],
            "markers": "python_version >= '3.7'",
            "version": "==3.8.1"
        },
        "more-itertools": {
            "hashes": [
                "sha256:a42901a0a5b169d925f6f217cd5a190e32ef54360905b9c39ee7db5313bfec0f",
                "sha256:c5122bffc5f104d37c1626b8615b511f3427aa5389b94d61e5ef8236bfbc3ddb"
            ],
            "markers": "python_version >= '3.5'",
            "version": "==8.13.0"
        },
        "portend": {
            "hashes": [
                "sha256:239e3116045ea823f6df87d6168107ad75ccc0590e37242af0cc1e98c5d224e4",
                "sha256:9e735cee3a5c1961f09e3f3ba6dc498198c2d70b473d98d0d1504b8d1e7a3d61"
            ],
            "markers": "python_version >= '3.7'",
            "version": "==3.1.0"
        },
        "pytz": {
            "hashes": [
                "sha256:1e760e2fe6a8163bc0b3d9a19c4f84342afa0a2affebfaa84b01b978a02ecaa7",
                "sha256:e68985985296d9a66a881eb3193b0906246245294a881e7c8afe623866ac6a5c"
            ],
            "version": "==2022.1"
        },
        "setuptools": {
            "hashes": [
                "sha256:0d33c374d41c7863419fc8f6c10bfe25b7b498aa34164d135c622e52580c6b16",
                "sha256:c04b44a57a6265fe34a4a444e965884716d34bae963119a76353434d6f18e450"
            ],
            "markers": "python_version >= '3.7'",
            "version": "==63.2.0"
        },
        "six": {
            "hashes": [
                "sha256:1e61c37477a1626458e36f7b1d82aa5c9b094fa4802892072e49de9c60c4c926",
                "sha256:8abb2f1d86890a2dfb989f9a77cfcfd3e47c2a354b01111771326f8aa26e0254"
            ],
            "markers": "python_version >= '2.7' and python_version not in '3.0, 3.1, 3.2'",
            "version": "==1.16.0"
        },
        "tempora": {
            "hashes": [
                "sha256:31fa5bb33b2641026211f23e808eb8bd351901988b167d45f323c8f450ecf211",
                "sha256:e65d32ae68ad772ee738d802689f689b3f883e165e8dadd39aa89ef317b12b99"
            ],
            "markers": "python_version >= '3.7'",
            "version": "==5.0.2"
        },
        "zc.lockfile": {
            "hashes": [
                "sha256:307ad78227e48be260e64896ec8886edc7eae22d8ec53e4d528ab5537a83203b",
                "sha256:cc33599b549f0c8a248cb72f3bf32d77712de1ff7ee8814312eb6456b42c015f"
            ],
            "version": "==2.0"
        }
    },
    "develop": {}
}
